// !$*UTF8*$!
{
	archiveVersion = 1;
	classes = {
	};
	objectVersion = 46;
	objects = {

/* Begin PBXBuildFile section */
		006AD6481D4B3ABB00FC48E1 /* main.m in Sources */ = {isa = PBXBuildFile; fileRef = 006AD6471D4B3ABB00FC48E1 /* main.m */; };
		006AD64B1D4B3ABB00FC48E1 /* AppDelegate.m in Sources */ = {isa = PBXBuildFile; fileRef = 006AD64A1D4B3ABB00FC48E1 /* AppDelegate.m */; };
		006AD64E1D4B3ABB00FC48E1 /* ViewController.m in Sources */ = {isa = PBXBuildFile; fileRef = 006AD64D1D4B3ABB00FC48E1 /* ViewController.m */; };
		006AD6511D4B3ABB00FC48E1 /* Main.storyboard in Resources */ = {isa = PBXBuildFile; fileRef = 006AD64F1D4B3ABB00FC48E1 /* Main.storyboard */; };
		006AD6531D4B3ABB00FC48E1 /* Assets.xcassets in Resources */ = {isa = PBXBuildFile; fileRef = 006AD6521D4B3ABB00FC48E1 /* Assets.xcassets */; };
		006AD6561D4B3ABB00FC48E1 /* LaunchScreen.storyboard in Resources */ = {isa = PBXBuildFile; fileRef = 006AD6541D4B3ABB00FC48E1 /* LaunchScreen.storyboard */; };
		3795D65749C8D91FAD010480 /* libPods-RuntimeDemo.a in Frameworks */ = {isa = PBXBuildFile; fileRef = 9F055E06DD9E68351C0D7221 /* libPods-RuntimeDemo.a */; };
		4C031DA11D4EE5F9001A8558 /* NSObject+Extension.m in Sources */ = {isa = PBXBuildFile; fileRef = 4C031DA01D4EE5F9001A8558 /* NSObject+Extension.m */; };
		4C031DA41D4EE9B3001A8558 /* Dog.m in Sources */ = {isa = PBXBuildFile; fileRef = 4C031DA31D4EE9B3001A8558 /* Dog.m */; };
		4C0823BB1D4B4E5400F4F20D /* UIImage+Category.m in Sources */ = {isa = PBXBuildFile; fileRef = 4C0823BA1D4B4E5400F4F20D /* UIImage+Category.m */; };
		4C0823BE1D4B55B500F4F20D /* NSObject+Category.m in Sources */ = {isa = PBXBuildFile; fileRef = 4C0823BD1D4B55B500F4F20D /* NSObject+Category.m */; };
		4CF3F3811D4B462A009334DE /* Person.m in Sources */ = {isa = PBXBuildFile; fileRef = 4CF3F3801D4B462A009334DE /* Person.m */; };
/* End PBXBuildFile section */

/* Begin PBXFileReference section */
		006AD6431D4B3ABB00FC48E1 /* RuntimeDemo.app */ = {isa = PBXFileReference; explicitFileType = wrapper.application; includeInIndex = 0; path = RuntimeDemo.app; sourceTree = BUILT_PRODUCTS_DIR; };
		006AD6471D4B3ABB00FC48E1 /* main.m */ = {isa = PBXFileReference; lastKnownFileType = sourcecode.c.objc; path = main.m; sourceTree = "<group>"; };
		006AD6491D4B3ABB00FC48E1 /* AppDelegate.h */ = {isa = PBXFileReference; lastKnownFileType = sourcecode.c.h; path = AppDelegate.h; sourceTree = "<group>"; };
		006AD64A1D4B3ABB00FC48E1 /* AppDelegate.m */ = {isa = PBXFileReference; lastKnownFileType = sourcecode.c.objc; path = AppDelegate.m; sourceTree = "<group>"; };
		006AD64C1D4B3ABB00FC48E1 /* ViewController.h */ = {isa = PBXFileReference; lastKnownFileType = sourcecode.c.h; path = ViewController.h; sourceTree = "<group>"; };
		006AD64D1D4B3ABB00FC48E1 /* ViewController.m */ = {isa = PBXFileReference; lastKnownFileType = sourcecode.c.objc; path = ViewController.m; sourceTree = "<group>"; };
		006AD6501D4B3ABB00FC48E1 /* Base */ = {isa = PBXFileReference; lastKnownFileType = file.storyboard; name = Base; path = Base.lproj/Main.storyboard; sourceTree = "<group>"; };
		006AD6521D4B3ABB00FC48E1 /* Assets.xcassets */ = {isa = PBXFileReference; lastKnownFileType = folder.assetcatalog; path = Assets.xcassets; sourceTree = "<group>"; };
		006AD6551D4B3ABB00FC48E1 /* Base */ = {isa = PBXFileReference; lastKnownFileType = file.storyboard; name = Base; path = Base.lproj/LaunchScreen.storyboard; sourceTree = "<group>"; };
		006AD6571D4B3ABB00FC48E1 /* Info.plist */ = {isa = PBXFileReference; lastKnownFileType = text.plist.xml; path = Info.plist; sourceTree = "<group>"; };
		4C031D9F1D4EE5F9001A8558 /* NSObject+Extension.h */ = {isa = PBXFileReference; fileEncoding = 4; lastKnownFileType = sourcecode.c.h; path = "NSObject+Extension.h"; sourceTree = "<group>"; };
		4C031DA01D4EE5F9001A8558 /* NSObject+Extension.m */ = {isa = PBXFileReference; fileEncoding = 4; lastKnownFileType = sourcecode.c.objc; path = "NSObject+Extension.m"; sourceTree = "<group>"; };
		4C031DA21D4EE9B3001A8558 /* Dog.h */ = {isa = PBXFileReference; fileEncoding = 4; lastKnownFileType = sourcecode.c.h; path = Dog.h; sourceTree = "<group>"; };
		4C031DA31D4EE9B3001A8558 /* Dog.m */ = {isa = PBXFileReference; fileEncoding = 4; lastKnownFileType = sourcecode.c.objc; path = Dog.m; sourceTree = "<group>"; };
		4C0823B91D4B4E5400F4F20D /* UIImage+Category.h */ = {isa = PBXFileReference; fileEncoding = 4; lastKnownFileType = sourcecode.c.h; path = "UIImage+Category.h"; sourceTree = "<group>"; };
		4C0823BA1D4B4E5400F4F20D /* UIImage+Category.m */ = {isa = PBXFileReference; fileEncoding = 4; lastKnownFileType = sourcecode.c.objc; path = "UIImage+Category.m"; sourceTree = "<group>"; };
		4C0823BC1D4B55B500F4F20D /* NSObject+Category.h */ = {isa = PBXFileReference; fileEncoding = 4; lastKnownFileType = sourcecode.c.h; path = "NSObject+Category.h"; sourceTree = "<group>"; };
		4C0823BD1D4B55B500F4F20D /* NSObject+Category.m */ = {isa = PBXFileReference; fileEncoding = 4; lastKnownFileType = sourcecode.c.objc; path = "NSObject+Category.m"; sourceTree = "<group>"; };
		4CF3F37F1D4B462A009334DE /* Person.h */ = {isa = PBXFileReference; fileEncoding = 4; lastKnownFileType = sourcecode.c.h; path = Person.h; sourceTree = "<group>"; };
		4CF3F3801D4B462A009334DE /* Person.m */ = {isa = PBXFileReference; fileEncoding = 4; lastKnownFileType = sourcecode.c.objc; path = Person.m; sourceTree = "<group>"; };
		9F055E06DD9E68351C0D7221 /* libPods-RuntimeDemo.a */ = {isa = PBXFileReference; explicitFileType = archive.ar; includeInIndex = 0; path = "libPods-RuntimeDemo.a"; sourceTree = BUILT_PRODUCTS_DIR; };
		D1F449B6D0D78122F28D96BD /* Pods-RuntimeDemo.debug.xcconfig */ = {isa = PBXFileReference; includeInIndex = 1; lastKnownFileType = text.xcconfig; name = "Pods-RuntimeDemo.debug.xcconfig"; path = "Pods/Target Support Files/Pods-RuntimeDemo/Pods-RuntimeDemo.debug.xcconfig"; sourceTree = "<group>"; };
		E90C5AC086E06017BCD462F8 /* Pods-RuntimeDemo.release.xcconfig */ = {isa = PBXFileReference; includeInIndex = 1; lastKnownFileType = text.xcconfig; name = "Pods-RuntimeDemo.release.xcconfig"; path = "Pods/Target Support Files/Pods-RuntimeDemo/Pods-RuntimeDemo.release.xcconfig"; sourceTree = "<group>"; };
/* End PBXFileReference section */

/* Begin PBXFrameworksBuildPhase section */
		006AD6401D4B3ABB00FC48E1 /* Frameworks */ = {
			isa = PBXFrameworksBuildPhase;
			buildActionMask = 2147483647;
			files = (
				3795D65749C8D91FAD010480 /* libPods-RuntimeDemo.a in Frameworks */,
			);
			runOnlyForDeploymentPostprocessing = 0;
		};
/* End PBXFrameworksBuildPhase section */

/* Begin PBXGroup section */
		006AD63A1D4B3ABB00FC48E1 = {
			isa = PBXGroup;
			children = (
				006AD6451D4B3ABB00FC48E1 /* RuntimeDemo */,
				006AD6441D4B3ABB00FC48E1 /* Products */,
				B3F91A2E6AEABC37A1D1AB03 /* Pods */,
				E8C4F7CC9A4C9FE8E291B776 /* Frameworks */,
			);
			sourceTree = "<group>";
		};
		006AD6441D4B3ABB00FC48E1 /* Products */ = {
			isa = PBXGroup;
			children = (
				006AD6431D4B3ABB00FC48E1 /* RuntimeDemo.app */,
			);
			name = Products;
			sourceTree = "<group>";
		};
		006AD6451D4B3ABB00FC48E1 /* RuntimeDemo */ = {
			isa = PBXGroup;
			children = (
				006AD6491D4B3ABB00FC48E1 /* AppDelegate.h */,
				006AD64A1D4B3ABB00FC48E1 /* AppDelegate.m */,
				006AD64C1D4B3ABB00FC48E1 /* ViewController.h */,
				006AD64D1D4B3ABB00FC48E1 /* ViewController.m */,
				006AD64F1D4B3ABB00FC48E1 /* Main.storyboard */,
				006AD6521D4B3ABB00FC48E1 /* Assets.xcassets */,
				006AD6541D4B3ABB00FC48E1 /* LaunchScreen.storyboard */,
				006AD6571D4B3ABB00FC48E1 /* Info.plist */,
				006AD6461D4B3ABB00FC48E1 /* Supporting Files */,
				4CF3F37F1D4B462A009334DE /* Person.h */,
				4CF3F3801D4B462A009334DE /* Person.m */,
				4C0823B91D4B4E5400F4F20D /* UIImage+Category.h */,
				4C0823BA1D4B4E5400F4F20D /* UIImage+Category.m */,
				4C0823BC1D4B55B500F4F20D /* NSObject+Category.h */,
				4C0823BD1D4B55B500F4F20D /* NSObject+Category.m */,
				4C031D9F1D4EE5F9001A8558 /* NSObject+Extension.h */,
				4C031DA01D4EE5F9001A8558 /* NSObject+Extension.m */,
				4C031DA21D4EE9B3001A8558 /* Dog.h */,
				4C031DA31D4EE9B3001A8558 /* Dog.m */,
			);
			path = RuntimeDemo;
			sourceTree = "<group>";
		};
		006AD6461D4B3ABB00FC48E1 /* Supporting Files */ = {
			isa = PBXGroup;
			children = (
				006AD6471D4B3ABB00FC48E1 /* main.m */,
			);
			name = "Supporting Files";
			sourceTree = "<group>";
		};
		B3F91A2E6AEABC37A1D1AB03 /* Pods */ = {
			isa = PBXGroup;
			children = (
				D1F449B6D0D78122F28D96BD /* Pods-RuntimeDemo.debug.xcconfig */,
				E90C5AC086E06017BCD462F8 /* Pods-RuntimeDemo.release.xcconfig */,
			);
			name = Pods;
			sourceTree = "<group>";
		};
		E8C4F7CC9A4C9FE8E291B776 /* Frameworks */ = {
			isa = PBXGroup;
			children = (
				9F055E06DD9E68351C0D7221 /* libPods-RuntimeDemo.a */,
			);
			name = Frameworks;
			sourceTree = "<group>";
		};
/* End PBXGroup section */

/* Begin PBXNativeTarget section */
		006AD6421D4B3ABB00FC48E1 /* RuntimeDemo */ = {
			isa = PBXNativeTarget;
			buildConfigurationList = 006AD65A1D4B3ABB00FC48E1 /* Build configuration list for PBXNativeTarget "RuntimeDemo" */;
			buildPhases = (
				9FF0E37E2167FFF1C1346D00 /* 📦 Check Pods Manifest.lock */,
				006AD63F1D4B3ABB00FC48E1 /* Sources */,
				006AD6401D4B3ABB00FC48E1 /* Frameworks */,
				006AD6411D4B3ABB00FC48E1 /* Resources */,
				EA3AC54F52B129CBEF5C68C6 /* 📦 Embed Pods Frameworks */,
				0C8F22DEF3C0813FF8F1E4E6 /* 📦 Copy Pods Resources */,
			);
			buildRules = (
			);
			dependencies = (
			);
			name = RuntimeDemo;
			productName = RuntimeDemo;
			productReference = 006AD6431D4B3ABB00FC48E1 /* RuntimeDemo.app */;
			productType = "com.apple.product-type.application";
		};
/* End PBXNativeTarget section */

/* Begin PBXProject section */
		006AD63B1D4B3ABB00FC48E1 /* Project object */ = {
			isa = PBXProject;
			attributes = {
				LastUpgradeCheck = 0720;
				ORGANIZATIONNAME = "北京超信";
				TargetAttributes = {
					006AD6421D4B3ABB00FC48E1 = {
						CreatedOnToolsVersion = 7.2.1;
					};
				};
			};
			buildConfigurationList = 006AD63E1D4B3ABB00FC48E1 /* Build configuration list for PBXProject "RuntimeDemo" */;
			compatibilityVersion = "Xcode 3.2";
			developmentRegion = English;
			hasScannedForEncodings = 0;
			knownRegions = (
				en,
				Base,
			);
			mainGroup = 006AD63A1D4B3ABB00FC48E1;
			productRefGroup = 006AD6441D4B3ABB00FC48E1 /* Products */;
			projectDirPath = "";
			projectRoot = "";
			targets = (
				006AD6421D4B3ABB00FC48E1 /* RuntimeDemo */,
			);
		};
/* End PBXProject section */

/* Begin PBXResourcesBuildPhase section */
		006AD6411D4B3ABB00FC48E1 /* Resources */ = {
			isa = PBXResourcesBuildPhase;
			buildActionMask = 2147483647;
			files = (
				006AD6561D4B3ABB00FC48E1 /* LaunchScreen.storyboard in Resources */,
				006AD6531D4B3ABB00FC48E1 /* Assets.xcassets in Resources */,
				006AD6511D4B3ABB00FC48E1 /* Main.storyboard in Resources */,
			);
			runOnlyForDeploymentPostprocessing = 0;
		};
/* End PBXResourcesBuildPhase section */

/* Begin PBXShellScriptBuildPhase section */
		0C8F22DEF3C0813FF8F1E4E6 /* 📦 Copy Pods Resources */ = {
			isa = PBXShellScriptBuildPhase;
			buildActionMask = 2147483647;
			files = (
			);
			inputPaths = (
			);
			name = "📦 Copy Pods Resources";
			outputPaths = (
			);
			runOnlyForDeploymentPostprocessing = 0;
			shellPath = /bin/sh;
			shellScript = "\"${SRCROOT}/Pods/Target Support Files/Pods-RuntimeDemo/Pods-RuntimeDemo-resources.sh\"\n";
			showEnvVarsInLog = 0;
		};
		9FF0E37E2167FFF1C1346D00 /* 📦 Check Pods Manifest.lock */ = {
			isa = PBXShellScriptBuildPhase;
			buildActionMask = 2147483647;
			files = (
			);
			inputPaths = (
			);
			name = "📦 Check Pods Manifest.lock";
			outputPaths = (
			);
			runOnlyForDeploymentPostprocessing = 0;
			shellPath = /bin/sh;
			shellScript = "diff \"${PODS_ROOT}/../Podfile.lock\" \"${PODS_ROOT}/Manifest.lock\" > /dev/null\nif [[ $? != 0 ]] ; then\n    cat << EOM\nerror: The sandbox is not in sync with the Podfile.lock. Run 'pod install' or update your CocoaPods installation.\nEOM\n    exit 1\nfi\n";
			showEnvVarsInLog = 0;
		};
		EA3AC54F52B129CBEF5C68C6 /* 📦 Embed Pods Frameworks */ = {
			isa = PBXShellScriptBuildPhase;
			buildActionMask = 2147483647;
			files = (
			);
			inputPaths = (
			);
			name = "📦 Embed Pods Frameworks";
			outputPaths = (
			);
			runOnlyForDeploymentPostprocessing = 0;
			shellPath = /bin/sh;
			shellScript = "\"${SRCROOT}/Pods/Target Support Files/Pods-RuntimeDemo/Pods-RuntimeDemo-frameworks.sh\"\n";
			showEnvVarsInLog = 0;
		};
/* End PBXShellScriptBuildPhase section */

/* Begin PBXSourcesBuildPhase section */
		006AD63F1D4B3ABB00FC48E1 /* Sources */ = {
			isa = PBXSourcesBuildPhase;
			buildActionMask = 2147483647;
			files = (
				006AD64E1D4B3ABB00FC48E1 /* ViewController.m in Sources */,
				006AD64B1D4B3ABB00FC48E1 /* AppDelegate.m in Sources */,
				4C031DA41D4EE9B3001A8558 /* Dog.m in Sources */,
				4CF3F3811D4B462A009334DE /* Person.m in Sources */,
				006AD6481D4B3ABB00FC48E1 /* main.m in Sources */,
				4C0823BB1D4B4E5400F4F20D /* UIImage+Category.m in Sources */,
				4C031DA11D4EE5F9001A8558 /* NSObject+Extension.m in Sources */,
				4C0823BE1D4B55B500F4F20D /* NSObject+Category.m in Sources */,
			);
			runOnlyForDeploymentPostprocessing = 0;
		};
/* End PBXSourcesBuildPhase section */

/* Begin PBXVariantGroup section */
		006AD64F1D4B3ABB00FC48E1 /* Main.storyboard */ = {
			isa = PBXVariantGroup;
			children = (
				006AD6501D4B3ABB00FC48E1 /* Base */,
			);
			name = Main.storyboard;
			sourceTree = "<group>";
		};
		006AD6541D4B3ABB00FC48E1 /* LaunchScreen.storyboard */ = {
			isa = PBXVariantGroup;
			children = (
				006AD6551D4B3ABB00FC48E1 /* Base */,
			);
			name = LaunchScreen.storyboard;
			sourceTree = "<group>";
		};
/* End PBXVariantGroup section */

/* Begin XCBuildConfiguration section */
		006AD6581D4B3ABB00FC48E1 /* Debug */ = {
			isa = XCBuildConfiguration;
			buildSettings = {
				ALWAYS_SEARCH_USER_PATHS = NO;
				CLANG_CXX_LANGUAGE_STANDARD = "gnu++0x";
				CLANG_CXX_LIBRARY = "libc++";
				CLANG_ENABLE_MODULES = YES;
				CLANG_ENABLE_OBJC_ARC = YES;
				CLANG_WARN_BOOL_CONVERSION = YES;
				CLANG_WARN_CONSTANT_CONVERSION = YES;
				CLANG_WARN_DIRECT_OBJC_ISA_USAGE = YES_ERROR;
				CLANG_WARN_EMPTY_BODY = YES;
				CLANG_WARN_ENUM_CONVERSION = YES;
				CLANG_WARN_INT_CONVERSION = YES;
				CLANG_WARN_OBJC_ROOT_CLASS = YES_ERROR;
				CLANG_WARN_UNREACHABLE_CODE = YES;
				CLANG_WARN__DUPLICATE_METHOD_MATCH = YES;
				"CODE_SIGN_IDENTITY[sdk=iphoneos*]" = "iPhone Developer";
				COPY_PHASE_STRIP = NO;
				DEBUG_INFORMATION_FORMAT = dwarf;
				ENABLE_STRICT_OBJC_MSGSEND = YES;
				ENABLE_TESTABILITY = YES;
				GCC_C_LANGUAGE_STANDARD = gnu99;
				GCC_DYNAMIC_NO_PIC = NO;
				GCC_NO_COMMON_BLOCKS = YES;
				GCC_OPTIMIZATION_LEVEL = 0;
				GCC_PREPROCESSOR_DEFINITIONS = (
					"DEBUG=1",
					"$(inherited)",
				);
				GCC_WARN_64_TO_32_BIT_CONVERSION = YES;
				GCC_WARN_ABOUT_RETURN_TYPE = YES_ERROR;
				GCC_WARN_UNDECLARED_SELECTOR = YES;
				GCC_WARN_UNINITIALIZED_AUTOS = YES_AGGRESSIVE;
				GCC_WARN_UNUSED_FUNCTION = YES;
				GCC_WARN_UNUSED_VARIABLE = YES;
				IPHONEOS_DEPLOYMENT_TARGET = 9.2;
				MTL_ENABLE_DEBUG_INFO = YES;
				ONLY_ACTIVE_ARCH = YES;
				SDKROOT = iphoneos;
			};
			name = Debug;
		};
		006AD6591D4B3ABB00FC48E1 /* Release */ = {
			isa = XCBuildConfiguration;
			buildSettings = {
				ALWAYS_SEARCH_USER_PATHS = NO;
				CLANG_CXX_LANGUAGE_STANDARD = "gnu++0x";
				CLANG_CXX_LIBRARY = "libc++";
				CLANG_ENABLE_MODULES = YES;
				CLANG_ENABLE_OBJC_ARC = YES;
				CLANG_WARN_BOOL_CONVERSION = YES;
				CLANG_WARN_CONSTANT_CONVERSION = YES;
				CLANG_WARN_DIRECT_OBJC_ISA_USAGE = YES_ERROR;
				CLANG_WARN_EMPTY_BODY = YES;
				CLANG_WARN_ENUM_CONVERSION = YES;
				CLANG_WARN_INT_CONVERSION = YES;
				CLANG_WARN_OBJC_ROOT_CLASS = YES_ERROR;
				CLANG_WARN_UNREACHABLE_CODE = YES;
				CLANG_WARN__DUPLICATE_METHOD_MATCH = YES;
				"CODE_SIGN_IDENTITY[sdk=iphoneos*]" = "iPhone Developer";
				COPY_PHASE_STRIP = NO;
				DEBUG_INFORMATION_FORMAT = "dwarf-with-dsym";
				ENABLE_NS_ASSERTIONS = NO;
				ENABLE_STRICT_OBJC_MSGSEND = YES;
				GCC_C_LANGUAGE_STANDARD = gnu99;
				GCC_NO_COMMON_BLOCKS = YES;
				GCC_WARN_64_TO_32_BIT_CONVERSION = YES;
				GCC_WARN_ABOUT_RETURN_TYPE = YES_ERROR;
				GCC_WARN_UNDECLARED_SELECTOR = YES;
				GCC_WARN_UNINITIALIZED_AUTOS = YES_AGGRESSIVE;
				GCC_WARN_UNUSED_FUNCTION = YES;
				GCC_WARN_UNUSED_VARIABLE = YES;
				IPHONEOS_DEPLOYMENT_TARGET = 9.2;
				MTL_ENABLE_DEBUG_INFO = NO;
				SDKROOT = iphoneos;
				VALIDATE_PRODUCT = YES;
			};
			name = Release;
		};
		006AD65B1D4B3ABB00FC48E1 /* Debug */ = {
			isa = XCBuildConfiguration;
			baseConfigurationReference = D1F449B6D0D78122F28D96BD /* Pods-RuntimeDemo.debug.xcconfig */;
			buildSettings = {
				ASSETCATALOG_COMPILER_APPICON_NAME = AppIcon;
				INFOPLIST_FILE = RuntimeDemo/Info.plist;
				LD_RUNPATH_SEARCH_PATHS = "$(inherited) @executable_path/Frameworks";
				PRODUCT_BUNDLE_IDENTIFIER = com.chaoxin.RuntimeDemo;
				PRODUCT_NAME = "$(TARGET_NAME)";
			};
			name = Debug;
		};
		006AD65C1D4B3ABB00FC48E1 /* Release */ = {
			isa = XCBuildConfiguration;
			baseConfigurationReference = E90C5AC086E06017BCD462F8 /* Pods-RuntimeDemo.release.xcconfig */;
			buildSettings = {
				ASSETCATALOG_COMPILER_APPICON_NAME = AppIcon;
				INFOPLIST_FILE = RuntimeDemo/Info.plist;
				LD_RUNPATH_SEARCH_PATHS = "$(inherited) @executable_path/Frameworks";
				PRODUCT_BUNDLE_IDENTIFIER = com.chaoxin.RuntimeDemo;
				PRODUCT_NAME = "$(TARGET_NAME)";
			};
			name = Release;
		};
/* End XCBuildConfiguration section */

/* Begin XCConfigurationList section */
		006AD63E1D4B3ABB00FC48E1 /* Build configuration list for PBXProject "RuntimeDemo" */ = {
			isa = XCConfigurationList;
			buildConfigurations = (
				006AD6581D4B3ABB00FC48E1 /* Debug */,
				006AD6591D4B3ABB00FC48E1 /* Release */,
			);
			defaultConfigurationIsVisible = 0;
			defaultConfigurationName = Release;
		};
		006AD65A1D4B3ABB00FC48E1 /* Build configuration list for PBXNativeTarget "RuntimeDemo" */ = {
			isa = XCConfigurationList;
			buildConfigurations = (
				006AD65B1D4B3ABB00FC48E1 /* Debug */,
				006AD65C1D4B3ABB00FC48E1 /* Release */,
			);
			defaultConfigurationIsVisible = 0;
			defaultConfigurationName = Release;
		};
/* End XCConfigurationList section */
	};
	rootObject = 006AD63B1D4B3ABB00FC48E1 /* Project object */;
}
